Microsoft Visual Studio Solution File, Format Version 12.00
# Visual Studio Version 17
VisualStudioVersion = 17.1.32210.238
MinimumVisualStudioVersion = 10.0.40219.1
Project("{2150E333-8FDC-42A3-9474-1A3956D46DE8}") = "src", "src", "{5D557424-A202-4B25-A9AA-D599D5682D5B}"
EndProject
Project("{2150E333-8FDC-42A3-9474-1A3956D46DE8}") = "_Core", "_Core", "{333C6444-07B8-4DC3-B4D3-01209EEE448F}"
EndProject
Project("{2150E333-8FDC-42A3-9474-1A3956D46DE8}") = "_CrossCutting", "_CrossCutting", "{220AD6A7-D2C0-44E7-A07F-65312F4ADA0B}"
EndProject
Project("{9A19103F-16F7-4668-BE54-9A1E7A4F7556}") = "Core.Domain", "src\Core\Core.Domain\Core.Domain.csproj", "{1280B712-9AC5-427F-824C-3E5A1106BF56}"
EndProject
Project("{9A19103F-16F7-4668-BE54-9A1E7A4F7556}") = "Core.Infra.Data", "src\Core\Core.Infra.Core.Data\Core.Infra.Data.csproj", "{80CC3AF3-6252-4508-AFCA-C764C2D9D285}"
EndProject
Project("{2150E333-8FDC-42A3-9474-1A3956D46DE8}") = "Consumers", "Consumers", "{C9B63A9E-C869-4C90-B121-739AF503CB41}"
EndProject
Project("{9A19103F-16F7-4668-BE54-9A1E7A4F7556}") = "CrossCuting.Infra.Utils", "src\CrossCutting\CrossCutting.Utils\CrossCuting.Infra.Utils.csproj", "{2A7B5724-FB33-4155-BA50-35E8C665C291}"
EndProject
Project("{9A19103F-16F7-4668-BE54-9A1E7A4F7556}") = "Core.Application", "src\Core\Core.Application\Core.Application.csproj", "{1B39F4D4-2343-4A54-BC7D-2DF400B4C75E}"
EndProject
Project("{2150E333-8FDC-42A3-9474-1A3956D46DE8}") = "Solution Items", "Solution Items", "{28BC5903-8345-4BDB-B135-EC9BB2BC027C}"
EndProject
Project("{9A19103F-16F7-4668-BE54-9A1E7A4F7556}") = "Core.Application.DTO", "src\Core\Core.Application.DTO\Core.Application.DTO.csproj", "{8D7B1732-783D-4C2E-BFE3-50EA71F8E94C}"
EndProject
Project("{9A19103F-16F7-4668-BE54-9A1E7A4F7556}") = "Core.Infra.IoC", "src\Core\Core.Infra.IoC\Core.Infra.IoC.csproj", "{4B5C619C-1571-4896-AB52-89A92CDC718D}"
EndProject
Project("{9A19103F-16F7-4668-BE54-9A1E7A4F7556}") = "Core.Api.Queries", "src\Core\Core.Api.Queries\Core.Api.Queries.csproj", "{B5506FB1-8969-47F4-B9A1-BBDE648436CD}"
EndProject
Project("{2150E333-8FDC-42A3-9474-1A3956D46DE8}") = "_Migrations", "_Migrations", "{91B1250D-665D-442D-92FB-3FDF44534EDA}"
EndProject
Project("{9A19103F-16F7-4668-BE54-9A1E7A4F7556}") = "Migrations.Api", "src\Migrations\Migrations.Api\Migrations.Api.csproj", "{844935A8-630B-474A-A626-07006FADCAF1}"
EndProject
Project("{9A19103F-16F7-4668-BE54-9A1E7A4F7556}") = "CrossCuting.Infra.Utils.Tests", "src\CrossCutting\CrossCuting.Infra.Utils.Tests\CrossCuting.Infra.Utils.Tests.csproj", "{9BFB5F5F-4271-4CED-89EA-902E23DDC98F}"
EndProject
Project("{2150E333-8FDC-42A3-9474-1A3956D46DE8}") = "Livraria", "Livraria", "{6393695D-2585-4CCF-89EC-177F3D1A1A51}"
EndProject
Project("{FAE04EC0-301F-11D3-BF4B-00C04F79EFBC}") = "Livraria.Api", "src\Livraria\Livraria.Api\Livraria.Api.csproj", "{2E172CF0-428E-4E90-B547-731A1B0EB90D}"
EndProject
Project("{FAE04EC0-301F-11D3-BF4B-00C04F79EFBC}") = "Livraria.Api.Queries", "src\Livraria\Livraria.Api.Queries\Livraria.Api.Queries.csproj", "{A00468E7-CD50-4512-9FB8-E40A19276686}"
EndProject
Project("{FAE04EC0-301F-11D3-BF4B-00C04F79EFBC}") = "Livraria.Application", "src\Livraria\Livraria.Application\Livraria.Application.csproj", "{01C3DD55-EEF1-4BA2-BDF5-F15D886D0124}"
EndProject
Project("{FAE04EC0-301F-11D3-BF4B-00C04F79EFBC}") = "Livraria.Application.DTO", "src\Livraria\Livraria.Application.DTO\Livraria.Application.DTO.csproj", "{529BACFE-7912-4FB5-9283-EADAB1D31388}"
EndProject
Project("{FAE04EC0-301F-11D3-BF4B-00C04F79EFBC}") = "Livraria.Domain", "src\Livraria\Livraria.Domain\Livraria.Domain.csproj", "{8DB21171-CCCD-4D2F-8E51-7D04823DB845}"
EndProject
Project("{FAE04EC0-301F-11D3-BF4B-00C04F79EFBC}") = "Livraria.Infra.Data", "src\Livraria\Livraria.Infra.Data\Livraria.Infra.Data.csproj", "{AE2AC63E-A213-4E8B-B8EE-87D1E33A2979}"
EndProject
Project("{FAE04EC0-301F-11D3-BF4B-00C04F79EFBC}") = "Livraria.Infra.IoC", "src\Livraria\Livraria.Infra.IoC\Livraria.Infra.IoC.csproj", "{3B89216F-7532-4C44-852B-65FEA5905986}"
EndProject
Project("{FAE04EC0-301F-11D3-BF4B-00C04F79EFBC}") = "CrossCutting.Infra.Log", "src\CrossCutting\CrossCutting.Infra.Log\CrossCutting.Infra.Log.csproj", "{67CC1E80-001B-49A4-88EF-40447C6EC18B}"
EndProject
Global
	GlobalSection(SolutionConfigurationPlatforms) = preSolution
		Debug|Any CPU = Debug|Any CPU
		Debug|x86 = Debug|x86
		Release|Any CPU = Release|Any CPU
		Release|x86 = Release|x86
	EndGlobalSection
	GlobalSection(ProjectConfigurationPlatforms) = postSolution
		{1280B712-9AC5-427F-824C-3E5A1106BF56}.Debug|Any CPU.ActiveCfg = Debug|Any CPU
		{1280B712-9AC5-427F-824C-3E5A1106BF56}.Debug|Any CPU.Build.0 = Debug|Any CPU
		{1280B712-9AC5-427F-824C-3E5A1106BF56}.Debug|x86.ActiveCfg = Debug|Any CPU
		{1280B712-9AC5-427F-824C-3E5A1106BF56}.Debug|x86.Build.0 = Debug|Any CPU
		{1280B712-9AC5-427F-824C-3E5A1106BF56}.Release|Any CPU.ActiveCfg = Release|Any CPU
		{1280B712-9AC5-427F-824C-3E5A1106BF56}.Release|Any CPU.Build.0 = Release|Any CPU
		{1280B712-9AC5-427F-824C-3E5A1106BF56}.Release|x86.ActiveCfg = Release|Any CPU
		{1280B712-9AC5-427F-824C-3E5A1106BF56}.Release|x86.Build.0 = Release|Any CPU
		{80CC3AF3-6252-4508-AFCA-C764C2D9D285}.Debug|Any CPU.ActiveCfg = Debug|Any CPU
		{80CC3AF3-6252-4508-AFCA-C764C2D9D285}.Debug|Any CPU.Build.0 = Debug|Any CPU
		{80CC3AF3-6252-4508-AFCA-C764C2D9D285}.Debug|x86.ActiveCfg = Debug|Any CPU
		{80CC3AF3-6252-4508-AFCA-C764C2D9D285}.Debug|x86.Build.0 = Debug|Any CPU
		{80CC3AF3-6252-4508-AFCA-C764C2D9D285}.Release|Any CPU.ActiveCfg = Release|Any CPU
		{80CC3AF3-6252-4508-AFCA-C764C2D9D285}.Release|Any CPU.Build.0 = Release|Any CPU
		{80CC3AF3-6252-4508-AFCA-C764C2D9D285}.Release|x86.ActiveCfg = Release|Any CPU
		{80CC3AF3-6252-4508-AFCA-C764C2D9D285}.Release|x86.Build.0 = Release|Any CPU
		{2A7B5724-FB33-4155-BA50-35E8C665C291}.Debug|Any CPU.ActiveCfg = Debug|Any CPU
		{2A7B5724-FB33-4155-BA50-35E8C665C291}.Debug|Any CPU.Build.0 = Debug|Any CPU
		{2A7B5724-FB33-4155-BA50-35E8C665C291}.Debug|x86.ActiveCfg = Debug|Any CPU
		{2A7B5724-FB33-4155-BA50-35E8C665C291}.Debug|x86.Build.0 = Debug|Any CPU
		{2A7B5724-FB33-4155-BA50-35E8C665C291}.Release|Any CPU.ActiveCfg = Release|Any CPU
		{2A7B5724-FB33-4155-BA50-35E8C665C291}.Release|Any CPU.Build.0 = Release|Any CPU
		{2A7B5724-FB33-4155-BA50-35E8C665C291}.Release|x86.ActiveCfg = Release|Any CPU
		{2A7B5724-FB33-4155-BA50-35E8C665C291}.Release|x86.Build.0 = Release|Any CPU
		{1B39F4D4-2343-4A54-BC7D-2DF400B4C75E}.Debug|Any CPU.ActiveCfg = Debug|Any CPU
		{1B39F4D4-2343-4A54-BC7D-2DF400B4C75E}.Debug|Any CPU.Build.0 = Debug|Any CPU
		{1B39F4D4-2343-4A54-BC7D-2DF400B4C75E}.Debug|x86.ActiveCfg = Debug|Any CPU
		{1B39F4D4-2343-4A54-BC7D-2DF400B4C75E}.Debug|x86.Build.0 = Debug|Any CPU
		{1B39F4D4-2343-4A54-BC7D-2DF400B4C75E}.Release|Any CPU.ActiveCfg = Release|Any CPU
		{1B39F4D4-2343-4A54-BC7D-2DF400B4C75E}.Release|Any CPU.Build.0 = Release|Any CPU
		{1B39F4D4-2343-4A54-BC7D-2DF400B4C75E}.Release|x86.ActiveCfg = Release|Any CPU
		{1B39F4D4-2343-4A54-BC7D-2DF400B4C75E}.Release|x86.Build.0 = Release|Any CPU
		{8D7B1732-783D-4C2E-BFE3-50EA71F8E94C}.Debug|Any CPU.ActiveCfg = Debug|Any CPU
		{8D7B1732-783D-4C2E-BFE3-50EA71F8E94C}.Debug|Any CPU.Build.0 = Debug|Any CPU
		{8D7B1732-783D-4C2E-BFE3-50EA71F8E94C}.Debug|x86.ActiveCfg = Debug|Any CPU
		{8D7B1732-783D-4C2E-BFE3-50EA71F8E94C}.Debug|x86.Build.0 = Debug|Any CPU
		{8D7B1732-783D-4C2E-BFE3-50EA71F8E94C}.Release|Any CPU.ActiveCfg = Release|Any CPU
		{8D7B1732-783D-4C2E-BFE3-50EA71F8E94C}.Release|Any CPU.Build.0 = Release|Any CPU
		{8D7B1732-783D-4C2E-BFE3-50EA71F8E94C}.Release|x86.ActiveCfg = Release|Any CPU
		{8D7B1732-783D-4C2E-BFE3-50EA71F8E94C}.Release|x86.Build.0 = Release|Any CPU
		{4B5C619C-1571-4896-AB52-89A92CDC718D}.Debug|Any CPU.ActiveCfg = Debug|Any CPU
		{4B5C619C-1571-4896-AB52-89A92CDC718D}.Debug|Any CPU.Build.0 = Debug|Any CPU
		{4B5C619C-1571-4896-AB52-89A92CDC718D}.Debug|x86.ActiveCfg = Debug|Any CPU
		{4B5C619C-1571-4896-AB52-89A92CDC718D}.Debug|x86.Build.0 = Debug|Any CPU
		{4B5C619C-1571-4896-AB52-89A92CDC718D}.Release|Any CPU.ActiveCfg = Release|Any CPU
		{4B5C619C-1571-4896-AB52-89A92CDC718D}.Release|Any CPU.Build.0 = Release|Any CPU
		{4B5C619C-1571-4896-AB52-89A92CDC718D}.Release|x86.ActiveCfg = Release|Any CPU
		{4B5C619C-1571-4896-AB52-89A92CDC718D}.Release|x86.Build.0 = Release|Any CPU
		{B5506FB1-8969-47F4-B9A1-BBDE648436CD}.Debug|Any CPU.ActiveCfg = Debug|Any CPU
		{B5506FB1-8969-47F4-B9A1-BBDE648436CD}.Debug|Any CPU.Build.0 = Debug|Any CPU
		{B5506FB1-8969-47F4-B9A1-BBDE648436CD}.Debug|x86.ActiveCfg = Debug|Any CPU
		{B5506FB1-8969-47F4-B9A1-BBDE648436CD}.Debug|x86.Build.0 = Debug|Any CPU
		{B5506FB1-8969-47F4-B9A1-BBDE648436CD}.Release|Any CPU.ActiveCfg = Release|Any CPU
		{B5506FB1-8969-47F4-B9A1-BBDE648436CD}.Release|Any CPU.Build.0 = Release|Any CPU
		{B5506FB1-8969-47F4-B9A1-BBDE648436CD}.Release|x86.ActiveCfg = Release|Any CPU
		{B5506FB1-8969-47F4-B9A1-BBDE648436CD}.Release|x86.Build.0 = Release|Any CPU
		{844935A8-630B-474A-A626-07006FADCAF1}.Debug|Any CPU.ActiveCfg = Debug|Any CPU
		{844935A8-630B-474A-A626-07006FADCAF1}.Debug|Any CPU.Build.0 = Debug|Any CPU
		{844935A8-630B-474A-A626-07006FADCAF1}.Debug|x86.ActiveCfg = Debug|Any CPU
		{844935A8-630B-474A-A626-07006FADCAF1}.Debug|x86.Build.0 = Debug|Any CPU
		{844935A8-630B-474A-A626-07006FADCAF1}.Release|Any CPU.ActiveCfg = Release|Any CPU
		{844935A8-630B-474A-A626-07006FADCAF1}.Release|Any CPU.Build.0 = Release|Any CPU
		{844935A8-630B-474A-A626-07006FADCAF1}.Release|x86.ActiveCfg = Release|Any CPU
		{844935A8-630B-474A-A626-07006FADCAF1}.Release|x86.Build.0 = Release|Any CPU
		{9BFB5F5F-4271-4CED-89EA-902E23DDC98F}.Debug|Any CPU.ActiveCfg = Debug|Any CPU
		{9BFB5F5F-4271-4CED-89EA-902E23DDC98F}.Debug|Any CPU.Build.0 = Debug|Any CPU
		{9BFB5F5F-4271-4CED-89EA-902E23DDC98F}.Debug|x86.ActiveCfg = Debug|Any CPU
		{9BFB5F5F-4271-4CED-89EA-902E23DDC98F}.Debug|x86.Build.0 = Debug|Any CPU
		{9BFB5F5F-4271-4CED-89EA-902E23DDC98F}.Release|Any CPU.ActiveCfg = Release|Any CPU
		{9BFB5F5F-4271-4CED-89EA-902E23DDC98F}.Release|Any CPU.Build.0 = Release|Any CPU
		{9BFB5F5F-4271-4CED-89EA-902E23DDC98F}.Release|x86.ActiveCfg = Release|Any CPU
		{9BFB5F5F-4271-4CED-89EA-902E23DDC98F}.Release|x86.Build.0 = Release|Any CPU
		{2E172CF0-428E-4E90-B547-731A1B0EB90D}.Debug|Any CPU.ActiveCfg = Debug|Any CPU
		{2E172CF0-428E-4E90-B547-731A1B0EB90D}.Debug|Any CPU.Build.0 = Debug|Any CPU
		{2E172CF0-428E-4E90-B547-731A1B0EB90D}.Debug|x86.ActiveCfg = Debug|Any CPU
		{2E172CF0-428E-4E90-B547-731A1B0EB90D}.Debug|x86.Build.0 = Debug|Any CPU
		{2E172CF0-428E-4E90-B547-731A1B0EB90D}.Release|Any CPU.ActiveCfg = Release|Any CPU
		{2E172CF0-428E-4E90-B547-731A1B0EB90D}.Release|Any CPU.Build.0 = Release|Any CPU
		{2E172CF0-428E-4E90-B547-731A1B0EB90D}.Release|x86.ActiveCfg = Release|Any CPU
		{2E172CF0-428E-4E90-B547-731A1B0EB90D}.Release|x86.Build.0 = Release|Any CPU
		{A00468E7-CD50-4512-9FB8-E40A19276686}.Debug|Any CPU.ActiveCfg = Debug|Any CPU
		{A00468E7-CD50-4512-9FB8-E40A19276686}.Debug|Any CPU.Build.0 = Debug|Any CPU
		{A00468E7-CD50-4512-9FB8-E40A19276686}.Debug|x86.ActiveCfg = Debug|Any CPU
		{A00468E7-CD50-4512-9FB8-E40A19276686}.Debug|x86.Build.0 = Debug|Any CPU
		{A00468E7-CD50-4512-9FB8-E40A19276686}.Release|Any CPU.ActiveCfg = Release|Any CPU
		{A00468E7-CD50-4512-9FB8-E40A19276686}.Release|Any CPU.Build.0 = Release|Any CPU
		{A00468E7-CD50-4512-9FB8-E40A19276686}.Release|x86.ActiveCfg = Release|Any CPU
		{A00468E7-CD50-4512-9FB8-E40A19276686}.Release|x86.Build.0 = Release|Any CPU
		{01C3DD55-EEF1-4BA2-BDF5-F15D886D0124}.Debug|Any CPU.ActiveCfg = Debug|Any CPU
		{01C3DD55-EEF1-4BA2-BDF5-F15D886D0124}.Debug|Any CPU.Build.0 = Debug|Any CPU
		{01C3DD55-EEF1-4BA2-BDF5-F15D886D0124}.Debug|x86.ActiveCfg = Debug|Any CPU
		{01C3DD55-EEF1-4BA2-BDF5-F15D886D0124}.Debug|x86.Build.0 = Debug|Any CPU
		{01C3DD55-EEF1-4BA2-BDF5-F15D886D0124}.Release|Any CPU.ActiveCfg = Release|Any CPU
		{01C3DD55-EEF1-4BA2-BDF5-F15D886D0124}.Release|Any CPU.Build.0 = Release|Any CPU
		{01C3DD55-EEF1-4BA2-BDF5-F15D886D0124}.Release|x86.ActiveCfg = Release|Any CPU
		{01C3DD55-EEF1-4BA2-BDF5-F15D886D0124}.Release|x86.Build.0 = Release|Any CPU
		{529BACFE-7912-4FB5-9283-EADAB1D31388}.Debug|Any CPU.ActiveCfg = Debug|Any CPU
		{529BACFE-7912-4FB5-9283-EADAB1D31388}.Debug|Any CPU.Build.0 = Debug|Any CPU
		{529BACFE-7912-4FB5-9283-EADAB1D31388}.Debug|x86.ActiveCfg = Debug|Any CPU
		{529BACFE-7912-4FB5-9283-EADAB1D31388}.Debug|x86.Build.0 = Debug|Any CPU
		{529BACFE-7912-4FB5-9283-EADAB1D31388}.Release|Any CPU.ActiveCfg = Release|Any CPU
		{529BACFE-7912-4FB5-9283-EADAB1D31388}.Release|Any CPU.Build.0 = Release|Any CPU
		{529BACFE-7912-4FB5-9283-EADAB1D31388}.Release|x86.ActiveCfg = Release|Any CPU
		{529BACFE-7912-4FB5-9283-EADAB1D31388}.Release|x86.Build.0 = Release|Any CPU
		{8DB21171-CCCD-4D2F-8E51-7D04823DB845}.Debug|Any CPU.ActiveCfg = Debug|Any CPU
		{8DB21171-CCCD-4D2F-8E51-7D04823DB845}.Debug|Any CPU.Build.0 = Debug|Any CPU
		{8DB21171-CCCD-4D2F-8E51-7D04823DB845}.Debug|x86.ActiveCfg = Debug|Any CPU
		{8DB21171-CCCD-4D2F-8E51-7D04823DB845}.Debug|x86.Build.0 = Debug|Any CPU
		{8DB21171-CCCD-4D2F-8E51-7D04823DB845}.Release|Any CPU.ActiveCfg = Release|Any CPU
		{8DB21171-CCCD-4D2F-8E51-7D04823DB845}.Release|Any CPU.Build.0 = Release|Any CPU
		{8DB21171-CCCD-4D2F-8E51-7D04823DB845}.Release|x86.ActiveCfg = Release|Any CPU
		{8DB21171-CCCD-4D2F-8E51-7D04823DB845}.Release|x86.Build.0 = Release|Any CPU
		{AE2AC63E-A213-4E8B-B8EE-87D1E33A2979}.Debug|Any CPU.ActiveCfg = Debug|Any CPU
		{AE2AC63E-A213-4E8B-B8EE-87D1E33A2979}.Debug|Any CPU.Build.0 = Debug|Any CPU
		{AE2AC63E-A213-4E8B-B8EE-87D1E33A2979}.Debug|x86.ActiveCfg = Debug|Any CPU
		{AE2AC63E-A213-4E8B-B8EE-87D1E33A2979}.Debug|x86.Build.0 = Debug|Any CPU
		{AE2AC63E-A213-4E8B-B8EE-87D1E33A2979}.Release|Any CPU.ActiveCfg = Release|Any CPU
		{AE2AC63E-A213-4E8B-B8EE-87D1E33A2979}.Release|Any CPU.Build.0 = Release|Any CPU
		{AE2AC63E-A213-4E8B-B8EE-87D1E33A2979}.Release|x86.ActiveCfg = Release|Any CPU
		{AE2AC63E-A213-4E8B-B8EE-87D1E33A2979}.Release|x86.Build.0 = Release|Any CPU
		{3B89216F-7532-4C44-852B-65FEA5905986}.Debug|Any CPU.ActiveCfg = Debug|Any CPU
		{3B89216F-7532-4C44-852B-65FEA5905986}.Debug|Any CPU.Build.0 = Debug|Any CPU
		{3B89216F-7532-4C44-852B-65FEA5905986}.Debug|x86.ActiveCfg = Debug|Any CPU
		{3B89216F-7532-4C44-852B-65FEA5905986}.Debug|x86.Build.0 = Debug|Any CPU
		{3B89216F-7532-4C44-852B-65FEA5905986}.Release|Any CPU.ActiveCfg = Release|Any CPU
		{3B89216F-7532-4C44-852B-65FEA5905986}.Release|Any CPU.Build.0 = Release|Any CPU
		{3B89216F-7532-4C44-852B-65FEA5905986}.Release|x86.ActiveCfg = Release|Any CPU
		{3B89216F-7532-4C44-852B-65FEA5905986}.Release|x86.Build.0 = Release|Any CPU
		{67CC1E80-001B-49A4-88EF-40447C6EC18B}.Debug|Any CPU.ActiveCfg = Debug|Any CPU
		{67CC1E80-001B-49A4-88EF-40447C6EC18B}.Debug|Any CPU.Build.0 = Debug|Any CPU
		{67CC1E80-001B-49A4-88EF-40447C6EC18B}.Debug|x86.ActiveCfg = Debug|Any CPU
		{67CC1E80-001B-49A4-88EF-40447C6EC18B}.Debug|x86.Build.0 = Debug|Any CPU
		{67CC1E80-001B-49A4-88EF-40447C6EC18B}.Release|Any CPU.ActiveCfg = Release|Any CPU
		{67CC1E80-001B-49A4-88EF-40447C6EC18B}.Release|Any CPU.Build.0 = Release|Any CPU
		{67CC1E80-001B-49A4-88EF-40447C6EC18B}.Release|x86.ActiveCfg = Release|Any CPU
		{67CC1E80-001B-49A4-88EF-40447C6EC18B}.Release|x86.Build.0 = Release|Any CPU
	EndGlobalSection
	GlobalSection(SolutionProperties) = preSolution
		HideSolutionNode = FALSE
	EndGlobalSection
	GlobalSection(NestedProjects) = preSolution
		{333C6444-07B8-4DC3-B4D3-01209EEE448F} = {5D557424-A202-4B25-A9AA-D599D5682D5B}
		{220AD6A7-D2C0-44E7-A07F-65312F4ADA0B} = {333C6444-07B8-4DC3-B4D3-01209EEE448F}
		{1280B712-9AC5-427F-824C-3E5A1106BF56} = {333C6444-07B8-4DC3-B4D3-01209EEE448F}
		{80CC3AF3-6252-4508-AFCA-C764C2D9D285} = {333C6444-07B8-4DC3-B4D3-01209EEE448F}
		{2A7B5724-FB33-4155-BA50-35E8C665C291} = {220AD6A7-D2C0-44E7-A07F-65312F4ADA0B}
		{1B39F4D4-2343-4A54-BC7D-2DF400B4C75E} = {333C6444-07B8-4DC3-B4D3-01209EEE448F}
		{8D7B1732-783D-4C2E-BFE3-50EA71F8E94C} = {333C6444-07B8-4DC3-B4D3-01209EEE448F}
		{4B5C619C-1571-4896-AB52-89A92CDC718D} = {333C6444-07B8-4DC3-B4D3-01209EEE448F}
		{B5506FB1-8969-47F4-B9A1-BBDE648436CD} = {333C6444-07B8-4DC3-B4D3-01209EEE448F}
		{91B1250D-665D-442D-92FB-3FDF44534EDA} = {333C6444-07B8-4DC3-B4D3-01209EEE448F}
		{844935A8-630B-474A-A626-07006FADCAF1} = {91B1250D-665D-442D-92FB-3FDF44534EDA}
		{9BFB5F5F-4271-4CED-89EA-902E23DDC98F} = {220AD6A7-D2C0-44E7-A07F-65312F4ADA0B}
		{6393695D-2585-4CCF-89EC-177F3D1A1A51} = {5D557424-A202-4B25-A9AA-D599D5682D5B}
		{2E172CF0-428E-4E90-B547-731A1B0EB90D} = {6393695D-2585-4CCF-89EC-177F3D1A1A51}
		{A00468E7-CD50-4512-9FB8-E40A19276686} = {6393695D-2585-4CCF-89EC-177F3D1A1A51}
		{01C3DD55-EEF1-4BA2-BDF5-F15D886D0124} = {6393695D-2585-4CCF-89EC-177F3D1A1A51}
		{529BACFE-7912-4FB5-9283-EADAB1D31388} = {6393695D-2585-4CCF-89EC-177F3D1A1A51}
		{8DB21171-CCCD-4D2F-8E51-7D04823DB845} = {6393695D-2585-4CCF-89EC-177F3D1A1A51}
		{AE2AC63E-A213-4E8B-B8EE-87D1E33A2979} = {6393695D-2585-4CCF-89EC-177F3D1A1A51}
		{3B89216F-7532-4C44-852B-65FEA5905986} = {6393695D-2585-4CCF-89EC-177F3D1A1A51}
		{67CC1E80-001B-49A4-88EF-40447C6EC18B} = {220AD6A7-D2C0-44E7-A07F-65312F4ADA0B}
	EndGlobalSection
	GlobalSection(ExtensibilityGlobals) = postSolution
		SolutionGuid = {76B47B2A-64DE-4A08-9B05-5B5F2B1006BF}
	EndGlobalSection
EndGlobal
